// !$*UTF8*$!
{
	archiveVersion = 1;
	classes = {
	};
	objectVersion = 48;
	objects = {

/* Begin PBXBuildFile section */
		BE9E51F31F895F080010445A /* RoundedView.swift in Sources */ = {isa = PBXBuildFile; fileRef = BE9E51F21F895F080010445A /* RoundedView.swift */; };
		BEFE6AB81F81085B009B072D /* AppDelegate.swift in Sources */ = {isa = PBXBuildFile; fileRef = BEFE6AB71F81085B009B072D /* AppDelegate.swift */; };
		BEFE6ABA1F81085B009B072D /* ViewController.swift in Sources */ = {isa = PBXBuildFile; fileRef = BEFE6AB91F81085B009B072D /* ViewController.swift */; };
		BEFE6ABD1F81085B009B072D /* Main.storyboard in Resources */ = {isa = PBXBuildFile; fileRef = BEFE6ABB1F81085B009B072D /* Main.storyboard */; };
		BEFE6ACA1F81087E009B072D /* CornerHandleView.swift in Sources */ = {isa = PBXBuildFile; fileRef = BEFE6AC91F81087E009B072D /* CornerHandleView.swift */; };
/* End PBXBuildFile section */

/* Begin PBXFileReference section */
		BE9E51F21F895F080010445A /* RoundedView.swift */ = {isa = PBXFileReference; lastKnownFileType = sourcecode.swift; path = RoundedView.swift; sourceTree = "<group>"; };
		BEFE6AB41F81085B009B072D /* HandleViewTest.app */ = {isa = PBXFileReference; explicitFileType = wrapper.application; includeInIndex = 0; path = HandleViewTest.app; sourceTree = BUILT_PRODUCTS_DIR; };
		BEFE6AB71F81085B009B072D /* AppDelegate.swift */ = {isa = PBXFileReference; lastKnownFileType = sourcecode.swift; path = AppDelegate.swift; sourceTree = "<group>"; };
		BEFE6AB91F81085B009B072D /* ViewController.swift */ = {isa = PBXFileReference; lastKnownFileType = sourcecode.swift; path = ViewController.swift; sourceTree = "<group>"; };
		BEFE6ABC1F81085B009B072D /* Base */ = {isa = PBXFileReference; lastKnownFileType = file.storyboard; name = Base; path = Base.lproj/Main.storyboard; sourceTree = "<group>"; };
		BEFE6AC31F81085C009B072D /* Info.plist */ = {isa = PBXFileReference; lastKnownFileType = text.plist.xml; path = Info.plist; sourceTree = "<group>"; };
		BEFE6AC91F81087E009B072D /* CornerHandleView.swift */ = {isa = PBXFileReference; lastKnownFileType = sourcecode.swift; path = CornerHandleView.swift; sourceTree = "<group>"; };
/* End PBXFileReference section */

/* Begin PBXFrameworksBuildPhase section */
		BEFE6AB11F81085B009B072D /* Frameworks */ = {
			isa = PBXFrameworksBuildPhase;
			buildActionMask = 2147483647;
			files = (
			);
			runOnlyForDeploymentPostprocessing = 0;
		};
/* End PBXFrameworksBuildPhase section */

/* Begin PBXGroup section */
		BEFE6AAB1F81085B009B072D = {
			isa = PBXGroup;
			children = (
				BEFE6AB61F81085B009B072D /* HandleViewTest */,
				BEFE6AB51F81085B009B072D /* Products */,
			);
			sourceTree = "<group>";
		};
		BEFE6AB51F81085B009B072D /* Products */ = {
			isa = PBXGroup;
			children = (
				BEFE6AB41F81085B009B072D /* HandleViewTest.app */,
			);
			name = Products;
			sourceTree = "<group>";
		};
		BEFE6AB61F81085B009B072D /* HandleViewTest */ = {
			isa = PBXGroup;
			children = (
				BEFE6AB71F81085B009B072D /* AppDelegate.swift */,
				BEFE6AB91F81085B009B072D /* ViewController.swift */,
				BEFE6ABB1F81085B009B072D /* Main.storyboard */,
				BEFE6AC31F81085C009B072D /* Info.plist */,
				BEFE6AC91F81087E009B072D /* CornerHandleView.swift */,
				BE9E51F21F895F080010445A /* RoundedView.swift */,
			);
			path = HandleViewTest;
			sourceTree = "<group>";
		};
/* End PBXGroup section */

/* Begin PBXNativeTarget section */
		BEFE6AB31F81085B009B072D /* HandleViewTest */ = {
			isa = PBXNativeTarget;
			buildConfigurationList = BEFE6AC61F81085C009B072D /* Build configuration list for PBXNativeTarget "HandleViewTest" */;
			buildPhases = (
				BEFE6AB01F81085B009B072D /* Sources */,
				BEFE6AB11F81085B009B072D /* Frameworks */,
				BEFE6AB21F81085B009B072D /* Resources */,
			);
			buildRules = (
			);
			dependencies = (
			);
			name = HandleViewTest;
			productName = HandleViewTest;
			productReference = BEFE6AB41F81085B009B072D /* HandleViewTest.app */;
			productType = "com.apple.product-type.application";
		};
/* End PBXNativeTarget section */

/* Begin PBXProject section */
		BEFE6AAC1F81085B009B072D /* Project object */ = {
			isa = PBXProject;
			attributes = {
				LastSwiftUpdateCheck = 0900;
				LastUpgradeCheck = 0900;
				ORGANIZATIONNAME = "Silver Fox";
				TargetAttributes = {
					BEFE6AB31F81085B009B072D = {
						CreatedOnToolsVersion = 9.0;
						ProvisioningStyle = Automatic;
					};
				};
			};
			buildConfigurationList = BEFE6AAF1F81085B009B072D /* Build configuration list for PBXProject "HandleViewTest" */;
			compatibilityVersion = "Xcode 8.0";
			developmentRegion = en;
			hasScannedForEncodings = 0;
			knownRegions = (
				en,
				Base,
			);
			mainGroup = BEFE6AAB1F81085B009B072D;
			productRefGroup = BEFE6AB51F81085B009B072D /* Products */;
			projectDirPath = "";
			projectRoot = "";
			targets = (
				BEFE6AB31F81085B009B072D /* HandleViewTest */,
			);
		};
/* End PBXProject section */

/* Begin PBXResourcesBuildPhase section */
		BEFE6AB21F81085B009B072D /* Resources */ = {
			isa = PBXResourcesBuildPhase;
			buildActionMask = 2147483647;
			files = (
				BEFE6ABD1F81085B009B072D /* Main.storyboard in Resources */,
			);
			runOnlyForDeploymentPostprocessing = 0;
		};
/* End PBXResourcesBuildPhase section */

/* Begin PBXSourcesBuildPhase section */
		BEFE6AB01F81085B009B072D /* Sources */ = {
			isa = PBXSourcesBuildPhase;
			buildActionMask = 2147483647;
			files = (
				BE9E51F31F895F080010445A /* RoundedView.swift in Sources */,
				BEFE6ABA1F81085B009B072D /* ViewController.swift in Sources */,
				BEFE6AB81F81085B009B072D /* AppDelegate.swift in Sources */,
				BEFE6ACA1F81087E009B072D /* CornerHandleView.swift in Sources */,
			);
			runOnlyForDeploymentPostprocessing = 0;
		};
/* End PBXSourcesBuildPhase section */

/* Begin PBXVariantGroup section */
		BEFE6ABB1F81085B009B072D /* Main.storyboard */ = {
			isa = PBXVariantGroup;
			children = (
				BEFE6ABC1F81085B009B072D /* Base */,
			);
			name = Main.storyboard;
			sourceTree = "<group>";
		};
/* End PBXVariantGroup section */

/* Begin XCBuildConfiguration section */
		BEFE6AC41F81085C009B072D /* Debug */ = {
			isa = XCBuildConfiguration;
			buildSettings = {
				ALWAYS_SEARCH_USER_PATHS = NO;
				CLANG_ANALYZER_NONNULL = YES;
				CLANG_ANALYZER_NUMBER_OBJECT_CONVERSION = YES_AGGRESSIVE;
				CLANG_CXX_LANGUAGE_STANDARD = "gnu++14";
				CLANG_CXX_LIBRARY = "libc++";
				CLANG_ENABLE_MODULES = YES;
				CLANG_ENABLE_OBJC_ARC = YES;
				CLANG_WARN_BLOCK_CAPTURE_AUTORELEASING = YES;
				CLANG_WARN_BOOL_CONVERSION = YES;
				CLANG_WARN_COMMA = YES;
				CLANG_WARN_CONSTANT_CONVERSION = YES;
				CLANG_WARN_DIRECT_OBJC_ISA_USAGE = YES_ERROR;
				CLANG_WARN_DOCUMENTATION_COMMENTS = YES;
				CLANG_WARN_EMPTY_BODY = YES;
				CLANG_WARN_ENUM_CONVERSION = YES;
				CLANG_WARN_INFINITE_RECURSION = YES;
				CLANG_WARN_INT_CONVERSION = YES;
				CLANG_WARN_NON_LITERAL_NULL_CONVERSION = YES;
				CLANG_WARN_OBJC_LITERAL_CONVERSION = YES;
				CLANG_WARN_OBJC_ROOT_CLASS = YES_ERROR;
				CLANG_WARN_RANGE_LOOP_ANALYSIS = YES;
				CLANG_WARN_STRICT_PROTOTYPES = YES;
				CLANG_WARN_SUSPICIOUS_MOVE = YES;
				CLANG_WARN_UNGUARDED_AVAILABILITY = YES_AGGRESSIVE;
				CLANG_WARN_UNREACHABLE_CODE = YES;
				CLANG_WARN__DUPLICATE_METHOD_MATCH = YES;
				CODE_SIGN_IDENTITY = "iPhone Developer";
				COPY_PHASE_STRIP = NO;
				DEBUG_INFORMATION_FORMAT = dwarf;
				ENABLE_STRICT_OBJC_MSGSEND = YES;
				ENABLE_TESTABILITY = YES;
				GCC_C_LANGUAGE_STANDARD = gnu11;
				GCC_DYNAMIC_NO_PIC = NO;
				GCC_NO_COMMON_BLOCKS = YES;
				GCC_OPTIMIZATION_LEVEL = 0;
				GCC_PREPROCESSOR_DEFINITIONS = (
					"DEBUG=1",
					"$(inherited)",
				);
				GCC_WARN_64_TO_32_BIT_CONVERSION = YES;
				GCC_WARN_ABOUT_RETURN_TYPE = YES_ERROR;
				GCC_WARN_UNDECLARED_SELECTOR = YES;
				GCC_WARN_UNINITIALIZED_AUTOS = YES_AGGRESSIVE;
				GCC_WARN_UNUSED_FUNCTION = YES;
				GCC_WARN_UNUSED_VARIABLE = YES;
				IPHONEOS_DEPLOYMENT_TARGET = 11.0;
				MTL_ENABLE_DEBUG_INFO = YES;
				ONLY_ACTIVE_ARCH = YES;
				SDKROOT = iphoneos;
				SWIFT_ACTIVE_COMPILATION_CONDITIONS = DEBUG;
				SWIFT_OPTIMIZATION_LEVEL = "-Onone";
			};
			name = Debug;
		};
		BEFE6AC51F81085C009B072D /* Release */ = {
			isa = XCBuildConfiguration;
			buildSettings = {
				ALWAYS_SEARCH_USER_PATHS = NO;
				CLANG_ANALYZER_NONNULL = YES;
				CLANG_ANALYZER_NUMBER_OBJECT_CONVERSION = YES_AGGRESSIVE;
				CLANG_CXX_LANGUAGE_STANDARD = "gnu++14";
				CLANG_CXX_LIBRARY = "libc++";
				CLANG_ENABLE_MODULES = YES;
				CLANG_ENABLE_OBJC_ARC = YES;
				CLANG_WARN_BLOCK_CAPTURE_AUTORELEASING = YES;
				CLANG_WARN_BOOL_CONVERSION = YES;
				CLANG_WARN_COMMA = YES;
				CLANG_WARN_CONSTANT_CONVERSION = YES;
				CLANG_WARN_DIRECT_OBJC_ISA_USAGE = YES_ERROR;
				CLANG_WARN_DOCUMENTATION_COMMENTS = YES;
				CLANG_WARN_EMPTY_BODY = YES;
				CLANG_WARN_ENUM_CONVERSION = YES;
				CLANG_WARN_INFINITE_RECURSION = YES;
				CLANG_WARN_INT_CONVERSION = YES;
				CLANG_WARN_NON_LITERAL_NULL_CONVERSION = YES;
				CLANG_WARN_OBJC_LITERAL_CONVERSION = YES;
				CLANG_WARN_OBJC_ROOT_CLASS = YES_ERROR;
				CLANG_WARN_RANGE_LOOP_ANALYSIS = YES;
				CLANG_WARN_STRICT_PROTOTYPES = YES;
				CLANG_WARN_SUSPICIOUS_MOVE = YES;
				CLANG_WARN_UNGUARDED_AVAILABILITY = YES_AGGRESSIVE;
				CLANG_WARN_UNREACHABLE_CODE = YES;
				CLANG_WARN__DUPLICATE_METHOD_MATCH = YES;
				CODE_SIGN_IDENTITY = "iPhone Developer";
				COPY_PHASE_STRIP = NO;
				DEBUG_INFORMATION_FORMAT = "dwarf-with-dsym";
				ENABLE_NS_ASSERTIONS = NO;
				ENABLE_STRICT_OBJC_MSGSEND = YES;
				GCC_C_LANGUAGE_STANDARD = gnu11;
				GCC_NO_COMMON_BLOCKS = YES;
				GCC_WARN_64_TO_32_BIT_CONVERSION = YES;
				GCC_WARN_ABOUT_RETURN_TYPE = YES_ERROR;
				GCC_WARN_UNDECLARED_SELECTOR = YES;
				GCC_WARN_UNINITIALIZED_AUTOS = YES_AGGRESSIVE;
				GCC_WARN_UNUSED_FUNCTION = YES;
				GCC_WARN_UNUSED_VARIABLE = YES;
				IPHONEOS_DEPLOYMENT_TARGET = 11.0;
				MTL_ENABLE_DEBUG_INFO = NO;
				SDKROOT = iphoneos;
				SWIFT_OPTIMIZATION_LEVEL = "-Owholemodule";
				VALIDATE_PRODUCT = YES;
			};
			name = Release;
		};
		BEFE6AC71F81085C009B072D /* Debug */ = {
			isa = XCBuildConfiguration;
			buildSettings = {
				CODE_SIGN_STYLE = Automatic;
				DEVELOPMENT_TEAM = 6G5LMQ72D8;
				INFOPLIST_FILE = HandleViewTest/Info.plist;
				LD_RUNPATH_SEARCH_PATHS = "$(inherited) @executable_path/Frameworks";
				PRODUCT_BUNDLE_IDENTIFIER = be.silverfox.HandleViewTest;
				PRODUCT_NAME = "$(TARGET_NAME)";
				SWIFT_VERSION = 4.0;
				TARGETED_DEVICE_FAMILY = "1,2";
			};
			name = Debug;
		};
		BEFE6AC81F81085C009B072D /* Release */ = {
			isa = XCBuildConfiguration;
			buildSettings = {
				CODE_SIGN_STYLE = Automatic;
				DEVELOPMENT_TEAM = 6G5LMQ72D8;
				INFOPLIST_FILE = HandleViewTest/Info.plist;
				LD_RUNPATH_SEARCH_PATHS = "$(inherited) @executable_path/Frameworks";
				PRODUCT_BUNDLE_IDENTIFIER = be.silverfox.HandleViewTest;
				PRODUCT_NAME = "$(TARGET_NAME)";
				SWIFT_VERSION = 4.0;
				TARGETED_DEVICE_FAMILY = "1,2";
			};
			name = Release;
		};
/* End XCBuildConfiguration section */

/* Begin XCConfigurationList section */
		BEFE6AAF1F81085B009B072D /* Build configuration list for PBXProject "HandleViewTest" */ = {
			isa = XCConfigurationList;
			buildConfigurations = (
				BEFE6AC41F81085C009B072D /* Debug */,
				BEFE6AC51F81085C009B072D /* Release */,
			);
			defaultConfigurationIsVisible = 0;
			defaultConfigurationName = Release;
		};
		BEFE6AC61F81085C009B072D /* Build configuration list for PBXNativeTarget "HandleViewTest" */ = {
			isa = XCConfigurationList;
			buildConfigurations = (
				BEFE6AC71F81085C009B072D /* Debug */,
				BEFE6AC81F81085C009B072D /* Release */,
			);
			defaultConfigurationIsVisible = 0;
			defaultConfigurationName = Release;
		};
/* End XCConfigurationList section */
	};
	rootObject = BEFE6AAC1F81085B009B072D /* Project object */;
}
